github.com/advanced-go/postgresql v0.0.0-20240607085814-5a8dcdac7229 h1:cNVKoQrcoZdvt9p6cylMeHihOtiyN/vMJG09osy5reU=
github.com/advanced-go/postgresql v0.0.0-20240607085814-5a8dcdac7229/go.mod h1:EV6O4GiOILYkaoeaF2eHjk30EqZ90cfixqum6vYtR7k=
github.com/advanced-go/postgresql v0.0.0-20240608105820-94afe5d82ab7 h1:P7R/Rq6Dal3vbUEI8eNyH4081YxCn1j97WemsnhKklE=
github.com/advanced-go/postgresql v0.0.0-20240608105820-94afe5d82ab7/go.mod h1:RTrvXRjfHaoIDPK5oMLjcVfW9TDl8GxmT6WTYayiht0=
github.com/advanced-go/stdlib v0.0.0-20240607083544-0491deb5c330 h1:4eovDLcJhnHeW7dXz+13dKSYXdP/B5vxe7fjn6hhhmI=
github.com/advanced-go/stdlib v0.0.0-20240607083544-0491deb5c330/go.mod h1:bvuWc7Tx57LArgrEvbPxKW4hvIYGS3pw7iG4P6xofoQ=
github.com/advanced-go/stdlib v0.0.0-20240608102444-976d39e2821d h1:cZeKXkOlZMsIlfhVHB8UF8o2PQ6LPeMX1FXiW44chSI=
github.com/advanced-go/stdlib v0.0.0-20240608102444-976d39e2821d/go.mod h1:bvuWc7Tx57LArgrEvbPxKW4hvIYGS3pw7iG4P6xofoQ=
github.com/advanced-go/stdlib v0.0.0-20240608103643-0ad6b93b732e h1:Hp87BJadKx4qtTWNTAop8KhNBIMvG63Cy5AIS9zXFPY=
github.com/advanced-go/stdlib v0.0.0-20240608103643-0ad6b93b732e/go.mod h1:bvuWc7Tx57LArgrEvbPxKW4hvIYGS3pw7iG4P6xofoQ=
github.com/advanced-go/stdlib v0.0.0-20240609152119-8e3aa89b2647 h1:orP5p+/Y6q0QhFwxcHwYOq6yE90dEN7w7ZE+ZJGsDRU=
github.com/advanced-go/stdlib v0.0.0-20240609152119-8e3aa89b2647/go.mod h1:bvuWc7Tx57LArgrEvbPxKW4hvIYGS3pw7iG4P6xofoQ=
github.com/davecgh/go-spew v1.1.0/go.mod h1:J7Y8YcW2NihsgmVo/mv3lAwl/skON4iLHjSsI+c5H38=
github.com/davecgh/go-spew v1.1.1 h1:vj9j/u1bqnvCEfJOwUhtlOARqs3+rkHYY13jYWTU97c=
github.com/davecgh/go-spew v1.1.1/go.mod h1:J7Y8YcW2NihsgmVo/mv3lAwl/skON4iLHjSsI+c5H38=
github.com/google/uuid v1.6.0 h1:NIvaJDMOsjHA8n1jAhLSgzrAzy1Hgr+hNrb57e+94F0=
github.com/google/uuid v1.6.0/go.mod h1:TIyPZe4MgqvfeYDBFedMoGGpEw/LqOeaOT+nhxU+yHo=
github.com/jackc/pgpassfile v1.0.0 h1:/6Hmqy13Ss2zCq62VdNG8tM1wchn8zjSGOBJ6icpsIM=
github.com/jackc/pgpassfile v1.0.0/go.mod h1:CEx0iS5ambNFdcRtxPj5JhEz+xB6uRky5eyVu/W2HEg=
github.com/jackc/pgservicefile v0.0.0-20221227161230-091c0ba34f0a h1:bbPeKD0xmW/Y25WS6cokEszi5g+S0QxI/d45PkRi7Nk=
github.com/jackc/pgservicefile v0.0.0-20221227161230-091c0ba34f0a/go.mod h1:5TJZWKEWniPve33vlWYSoGYefn3gLQRzjfDlhSJ9ZKM=
github.com/jackc/pgx/v5 v5.5.0 h1:NxstgwndsTRy7eq9/kqYc/BZh5w2hHJV86wjvO+1xPw=
github.com/jackc/pgx/v5 v5.5.0/go.mod h1:Ig06C2Vu0t5qXC60W8sqIthScaEnFvojjj9dSljmHRA=
github.com/jackc/puddle/v2 v2.2.1 h1:RhxXJtFG022u4ibrCSMSiu5aOq1i77R3OHKNJj77OAk=
github.com/jackc/puddle/v2 v2.2.1/go.mod h1:vriiEXHvEE654aYKXXjOvZM39qJ0q+azkZFrfEOc3H4=
github.com/pmezard/go-difflib v1.0.0 h1:4DBwDE0NGyQoBHbLQYPwSUPoCMWR5BEzIk/f1lZbAQM=
github.com/pmezard/go-difflib v1.0.0/go.mod h1:iKH77koFhYxTK1pcRnkKkqfTogsbg7gZNVY4sRDYZ/4=
github.com/stretchr/objx v0.1.0/go.mod h1:HFkY916IF+rwdDfMAkV7OtwuqBVzrE8GR6GFx+wExME=
github.com/stretchr/objx v0.4.0/go.mod h1:YvHI0jy2hoMjB+UWwv71VJQ9isScKT/TqJzVSSt89Yw=
github.com/stretchr/objx v0.5.0/go.mod h1:Yh+to48EsGEfYuaHDzXPcE3xhTkx73EhmCGUpEOglKo=
github.com/stretchr/testify v1.3.0/go.mod h1:M5WIy9Dh21IEIfnGCwXGc5bZfKNJtfHm1UVUgZn+9EI=
github.com/stretchr/testify v1.7.0/go.mod h1:6Fq8oRcR53rry900zMqJjRRixrwX3KX962/h/Wwjteg=
github.com/stretchr/testify v1.7.1/go.mod h1:6Fq8oRcR53rry900zMqJjRRixrwX3KX962/h/Wwjteg=
github.com/stretchr/testify v1.8.0/go.mod h1:yNjHg4UonilssWZ8iaSj1OCr/vHnekPRkoO+kdMU+MU=
github.com/stretchr/testify v1.8.2 h1:+h33VjcLVPDHtOdpUCuF+7gSuG3yGIftsP1YvFihtJ8=
github.com/stretchr/testify v1.8.2/go.mod h1:w2LPCIKwWwSfY2zedu0+kehJoqGctiVI29o6fzry7u4=
golang.org/x/crypto v0.10.0 h1:LKqV2xt9+kDzSTfOhx4FrkEBcMrAgHSYgzywV9zcGmM=
golang.org/x/crypto v0.10.0/go.mod h1:o4eNf7Ede1fv+hwOwZsTHl9EsPFO6q6ZvYR8vYfY45I=
golang.org/x/sync v0.3.0 h1:ftCYgMx6zT/asHUrPw8BLLscYtGznsLAnjq5RH9P66E=
golang.org/x/sync v0.3.0/go.mod h1:FU7BRWz2tNW+3quACPkgCx/L+uEAv1htQ0V83Z9Rj+Y=
golang.org/x/text v0.10.0 h1:UpjohKhiEgNc0CSauXmwYftY1+LlaC75SJwh0SgCX58=
golang.org/x/text v0.10.0/go.mod h1:TvPlkZtksWOMsz7fbANvkp4WM8x/WCo/om8BMLbz+aE=
gopkg.in/check.v1 v0.0.0-20161208181325-20d25e280405/go.mod h1:Co6ibVJAznAaIkqp8huTwlJQCZ016jof/cbN4VW5Yz0=
gopkg.in/yaml.v3 v3.0.0-20200313102051-9f266ea9e77c/go.mod h1:K4uyk7z7BCEPqu6E+C64Yfv1cQ7kz7rIZviUmN+EgEM=
gopkg.in/yaml.v3 v3.0.1 h1:fxVm/GzAzEWqLHuvctI91KS9hhNmmWOoWu0XTYJS7CA=
gopkg.in/yaml.v3 v3.0.1/go.mod h1:K4uyk7z7BCEPqu6E+C64Yfv1cQ7kz7rIZviUmN+EgEM=
